# generated by rye
# use `rye lock` or `rye sync` to update this lockfile
#
# last locked with the following flags:
#   pre: false
#   features: []
#   all-features: false
#   with-sources: false

-e file:.
attrs==23.2.0
    # via jsonschema
    # via referencing
    # via sagemaker
bcrypt==4.1.3
    # via paramiko
boto3==1.34.127
    # via sagemaker
    # via sagemaker-inference
    # via sagemaker-training
botocore==1.34.127
    # via boto3
    # via s3transfer
    # via sagemaker-training
certifi==2024.6.2
    # via requests
cffi==1.16.0
    # via cryptography
    # via pynacl
charset-normalizer==3.3.2
    # via requests
cloudpickle==2.2.1
    # via sagemaker
cryptography==42.0.8
    # via paramiko
dill==0.3.8
    # via multiprocess
    # via pathos
docker==7.1.0
    # via sagemaker
filelock==3.15.1
    # via torch
    # via triton
fsspec==2024.6.0
    # via torch
gevent==24.2.1
    # via sagemaker-training
google-pasta==0.2.0
    # via sagemaker
greenlet==3.0.3
    # via gevent
idna==3.7
    # via requests
importlib-metadata==6.11.0
    # via sagemaker
inotify-simple==1.2.1
    # via sagemaker-training
jinja2==3.1.4
    # via torch
jmespath==1.0.1
    # via boto3
    # via botocore
jsonschema==4.22.0
    # via sagemaker
jsonschema-specifications==2023.12.1
    # via jsonschema
markupsafe==2.1.5
    # via jinja2
    # via werkzeug
mpmath==1.3.0
    # via sympy
multiprocess==0.70.16
    # via pathos
networkx==3.3
    # via torch
numpy==1.26.4
    # via pandas
    # via sagemaker
    # via sagemaker-inference
    # via sagemaker-training
    # via scipy
nvidia-cublas-cu12==12.1.3.1
    # via nvidia-cudnn-cu12
    # via nvidia-cusolver-cu12
    # via torch
nvidia-cuda-cupti-cu12==12.1.105
    # via torch
nvidia-cuda-nvrtc-cu12==12.1.105
    # via torch
nvidia-cuda-runtime-cu12==12.1.105
    # via torch
nvidia-cudnn-cu12==8.9.2.26
    # via torch
nvidia-cufft-cu12==11.0.2.54
    # via torch
nvidia-curand-cu12==10.3.2.106
    # via torch
nvidia-cusolver-cu12==11.4.5.107
    # via torch
nvidia-cusparse-cu12==12.1.0.106
    # via nvidia-cusolver-cu12
    # via torch
nvidia-nccl-cu12==2.20.5
    # via torch
nvidia-nvjitlink-cu12==12.5.40
    # via nvidia-cusolver-cu12
    # via nvidia-cusparse-cu12
nvidia-nvtx-cu12==12.1.105
    # via torch
packaging==24.1
    # via sagemaker
pandas==2.2.2
    # via sagemaker
paramiko==3.4.0
    # via sagemaker-training
pathos==0.3.2
    # via sagemaker
pip==24.0
    # via sagemaker-training
platformdirs==4.2.2
    # via sagemaker
pox==0.3.4
    # via pathos
ppft==1.7.6.8
    # via pathos
protobuf==3.20.3
    # via sagemaker
    # via sagemaker-training
psutil==5.9.8
    # via sagemaker
    # via sagemaker-inference
    # via sagemaker-training
pycparser==2.22
    # via cffi
pynacl==1.5.0
    # via paramiko
python-dateutil==2.9.0.post0
    # via botocore
    # via pandas
pytz==2024.1
    # via pandas
pyyaml==6.0.1
    # via sagemaker
referencing==0.35.1
    # via jsonschema
    # via jsonschema-specifications
requests==2.32.3
    # via docker
    # via sagemaker
retrying==1.3.4
    # via sagemaker-inference
    # via sagemaker-training
rpds-py==0.18.1
    # via jsonschema
    # via referencing
s3transfer==0.10.1
    # via boto3
sagemaker==2.223.0
    # via mlops-template
sagemaker-inference==1.10.1
    # via mlops-template
sagemaker-training==4.7.4
    # via mlops-template
schema==0.7.7
    # via sagemaker
scipy==1.13.1
    # via sagemaker-inference
    # via sagemaker-training
setuptools==70.0.0
    # via zope-event
    # via zope-interface
six==1.16.0
    # via google-pasta
    # via python-dateutil
    # via retrying
    # via sagemaker-inference
    # via sagemaker-training
smdebug-rulesconfig==1.0.1
    # via sagemaker
sympy==1.12.1
    # via torch
tblib==3.0.0
    # via sagemaker
torch==2.3.1
    # via mlops-template
tqdm==4.66.4
    # via sagemaker
triton==2.3.1
    # via torch
typing-extensions==4.12.2
    # via torch
tzdata==2024.1
    # via pandas
urllib3==2.2.1
    # via botocore
    # via docker
    # via requests
    # via sagemaker
werkzeug==3.0.3
    # via sagemaker-training
zipp==3.19.2
    # via importlib-metadata
zope-event==5.0
    # via gevent
zope-interface==6.4.post2
    # via gevent
